{
  "nodes": {
    "nixpkgs": {
      "locked": {
        "lastModified": 1665835255,
        "narHash": "sha256-9erXBOdn+FEZvPFFmB3PMz1nAl2P9Sz25fTPzNSYqPU=",
        "owner": "NixOS",
        "repo": "nixpkgs",
        "rev": "5d9a9b3e6c7e7c13814717573f6093be71ddf943",
        "type": "github"
      },
      "original": {
        "owner": "NixOS",
        "ref": "release-22.05",
        "repo": "nixpkgs",
        "type": "github"
      }
    },
    "nmd": {
      "flake": false,
      "locked": {
        "lastModified": 1666190571,
        "narHash": "sha256-Z1hc7M9X6L+H83o9vOprijpzhTfOBjd0KmUTnpHAVjA=",
        "owner": "rycee",
        "repo": "nmd",
        "rev": "b75d312b4f33bd3294cd8ae5c2ca8c6da2afc169",
        "type": "gitlab"
      },
      "original": {
        "owner": "rycee",
        "repo": "nmd",
        "type": "gitlab"
      }
    },
    "nmt": {
      "flake": false,
      "locked": {
        "lastModified": 1648075362,
        "narHash": "sha256-u36WgzoA84dMVsGXzml4wZ5ckGgfnvS0ryzo/3zn/Pc=",
        "owner": "rycee",
        "repo": "nmt",
        "rev": "d83601002c99b78c89ea80e5e6ba21addcfe12ae",
        "type": "gitlab"
      },
      "original": {
        "owner": "rycee",
        "repo": "nmt",
        "type": "gitlab"
      }
    },
    "root": {
      "inputs": {
        "nixpkgs": "nixpkgs",
        "nmd": "nmd",
        "nmt": "nmt"
      }
    }
  },
  "root": "root",
  "version": 7
}
